{
  "nodes": {
    "nixpkgs": {
      "locked": {
        "lastModified": 1667580403,
        "narHash": "sha256-IoCMTRO51HNtpEzGSdaFprj3E8lH1aut+3tkh/spRTk=",
        "owner": "NixOS",
        "repo": "nixpkgs",
        "rev": "f0adf4fcae2aecdd6ade53cb5d4b94d3b7446efd",
        "type": "github"
      },
      "original": {
        "id": "nixpkgs",
        "type": "indirect"
      }
    },
    "root": {
      "inputs": {
        "nixpkgs": "nixpkgs"
      }
    }
  },
  "root": "root",
  "version": 7
}
